
Microsoft Visual Studio Solution File, Format Version 12.00
# Visual Studio Version 16
VisualStudioVersion = 16.0.29326.143
MinimumVisualStudioVersion = 10.0.40219.1
Project("{9A19103F-16F7-4668-BE54-9A1E7A4F7556}") = "senior-project", "senior-project.csproj", "{025A4FA9-DF78-4423-920A-05F88CBDD447}"
EndProject
Global
	GlobalSection(SolutionConfigurationPlatforms) = preSolution
		Debug|Any CPU = Debug|Any CPU
		Release|Any CPU = Release|Any CPU
	EndGlobalSection
	GlobalSection(ProjectConfigurationPlatforms) = postSolution
		{025A4FA9-DF78-4423-920A-05F88CBDD447}.Debug|Any CPU.ActiveCfg = Debug|Any CPU
		{025A4FA9-DF78-4423-920A-05F88CBDD447}.Debug|Any CPU.Build.0 = Debug|Any CPU
		{025A4FA9-DF78-4423-920A-05F88CBDD447}.Release|Any CPU.ActiveCfg = Release|Any CPU
		{025A4FA9-DF78-4423-920A-05F88CBDD447}.Release|Any CPU.Build.0 = Release|Any CPU
	EndGlobalSection
	GlobalSection(SolutionProperties) = preSolution
		HideSolutionNode = FALSE
	EndGlobalSection
	GlobalSection(ExtensibilityGlobals) = postSolution
		SolutionGuid = {67F9885A-4437-429D-9CB3-2873B20920E2}
	EndGlobalSection
EndGlobal
